// !$*UTF8*$!
{
	archiveVersion = 1;
	classes = {
	};
	objectVersion = 77;
	objects = {

/* Begin PBXBuildFile section */
		F66D40792DD5881B001E744D /* .gitignore in Resources */ = {isa = PBXBuildFile; fileRef = F66D40782DD58813001E744D /* .gitignore */; };
/* End PBXBuildFile section */

/* Begin PBXContainerItemProxy section */
		F66D405C2DD587C9001E744D /* PBXContainerItemProxy */ = {
			isa = PBXContainerItemProxy;
			containerPortal = F66D40432DD587C7001E744D /* Project object */;
			proxyType = 1;
			remoteGlobalIDString = F66D404A2DD587C7001E744D;
			remoteInfo = "CLC'd";
		};
		F66D40662DD587C9001E744D /* PBXContainerItemProxy */ = {
			isa = PBXContainerItemProxy;
			containerPortal = F66D40432DD587C7001E744D /* Project object */;
			proxyType = 1;
			remoteGlobalIDString = F66D404A2DD587C7001E744D;
			remoteInfo = "CLC'd";
		};
/* End PBXContainerItemProxy section */

/* Begin PBXFileReference section */
		F66D404B2DD587C7001E744D /* CLC'd.app */ = {isa = PBXFileReference; explicitFileType = wrapper.application; includeInIndex = 0; path = "CLC'd.app"; sourceTree = BUILT_PRODUCTS_DIR; };
		F66D405B2DD587C9001E744D /* CLC'dTests.xctest */ = {isa = PBXFileReference; explicitFileType = wrapper.cfbundle; includeInIndex = 0; path = "CLC'dTests.xctest"; sourceTree = BUILT_PRODUCTS_DIR; };
		F66D40652DD587C9001E744D /* CLC'dUITests.xctest */ = {isa = PBXFileReference; explicitFileType = wrapper.cfbundle; includeInIndex = 0; path = "CLC'dUITests.xctest"; sourceTree = BUILT_PRODUCTS_DIR; };
		F66D40782DD58813001E744D /* .gitignore */ = {isa = PBXFileReference; lastKnownFileType = text; path = .gitignore; sourceTree = "<group>"; };
/* End PBXFileReference section */

/* Begin PBXFileSystemSynchronizedRootGroup section */
		F66D404D2DD587C7001E744D /* CLC'd */ = {
			isa = PBXFileSystemSynchronizedRootGroup;
			path = "CLC'd";
			sourceTree = "<group>";
		};
		F66D405E2DD587C9001E744D /* CLC'dTests */ = {
			isa = PBXFileSystemSynchronizedRootGroup;
			path = "CLC'dTests";
			sourceTree = "<group>";
		};
		F66D40682DD587C9001E744D /* CLC'dUITests */ = {
			isa = PBXFileSystemSynchronizedRootGroup;
			path = "CLC'dUITests";
			sourceTree = "<group>";
		};
/* End PBXFileSystemSynchronizedRootGroup section */

/* Begin PBXFrameworksBuildPhase section */
		F66D40482DD587C7001E744D /* Frameworks */ = {
			isa = PBXFrameworksBuildPhase;
			buildActionMask = 2147483647;
			files = (
			);
			runOnlyForDeploymentPostprocessing = 0;
		};
		F66D40582DD587C9001E744D /* Frameworks */ = {
			isa = PBXFrameworksBuildPhase;
			buildActionMask = 2147483647;
			files = (
			);
			runOnlyForDeploymentPostprocessing = 0;
		};
		F66D40622DD587C9001E744D /* Frameworks */ = {
			isa = PBXFrameworksBuildPhase;
			buildActionMask = 2147483647;
			files = (
			);
			runOnlyForDeploymentPostprocessing = 0;
		};
/* End PBXFrameworksBuildPhase section */

/* Begin PBXGroup section */
		F66D40422DD587C7001E744D = {
			isa = PBXGroup;
			children = (
				F66D40782DD58813001E744D /* .gitignore */,
				F66D404D2DD587C7001E744D /* CLC'd */,
				F66D405E2DD587C9001E744D /* CLC'dTests */,
				F66D40682DD587C9001E744D /* CLC'dUITests */,
				F66D404C2DD587C7001E744D /* Products */,
			);
			sourceTree = "<group>";
		};
		F66D404C2DD587C7001E744D /* Products */ = {
			isa = PBXGroup;
			children = (
				F66D404B2DD587C7001E744D /* CLC'd.app */,
				F66D405B2DD587C9001E744D /* CLC'dTests.xctest */,
				F66D40652DD587C9001E744D /* CLC'dUITests.xctest */,
			);
			name = Products;
			sourceTree = "<group>";
		};
/* End PBXGroup section */

/* Begin PBXNativeTarget section */
		F66D404A2DD587C7001E744D /* CLC'd */ = {
			isa = PBXNativeTarget;
			buildConfigurationList = F66D406F2DD587C9001E744D /* Build configuration list for PBXNativeTarget "CLC'd" */;
			buildPhases = (
				F66D40472DD587C7001E744D /* Sources */,
				F66D40482DD587C7001E744D /* Frameworks */,
				F66D40492DD587C7001E744D /* Resources */,
			);
			buildRules = (
			);
			dependencies = (
			);
			fileSystemSynchronizedGroups = (
				F66D404D2DD587C7001E744D /* CLC'd */,
			);
			name = "CLC'd";
			packageProductDependencies = (
			);
			productName = "CLC'd";
			productReference = F66D404B2DD587C7001E744D /* CLC'd.app */;
			productType = "com.apple.product-type.application";
		};
		F66D405A2DD587C9001E744D /* CLC'dTests */ = {
			isa = PBXNativeTarget;
			buildConfigurationList = F66D40722DD587C9001E744D /* Build configuration list for PBXNativeTarget "CLC'dTests" */;
			buildPhases = (
				F66D40572DD587C9001E744D /* Sources */,
				F66D40582DD587C9001E744D /* Frameworks */,
				F66D40592DD587C9001E744D /* Resources */,
			);
			buildRules = (
			);
			dependencies = (
				F66D405D2DD587C9001E744D /* PBXTargetDependency */,
			);
			fileSystemSynchronizedGroups = (
				F66D405E2DD587C9001E744D /* CLC'dTests */,
			);
			name = "CLC'dTests";
			packageProductDependencies = (
			);
			productName = "CLC'dTests";
			productReference = F66D405B2DD587C9001E744D /* CLC'dTests.xctest */;
			productType = "com.apple.product-type.bundle.unit-test";
		};
		F66D40642DD587C9001E744D /* CLC'dUITests */ = {
			isa = PBXNativeTarget;
			buildConfigurationList = F66D40752DD587C9001E744D /* Build configuration list for PBXNativeTarget "CLC'dUITests" */;
			buildPhases = (
				F66D40612DD587C9001E744D /* Sources */,
				F66D40622DD587C9001E744D /* Frameworks */,
				F66D40632DD587C9001E744D /* Resources */,
			);
			buildRules = (
			);
			dependencies = (
				F66D40672DD587C9001E744D /* PBXTargetDependency */,
			);
			fileSystemSynchronizedGroups = (
				F66D40682DD587C9001E744D /* CLC'dUITests */,
			);
			name = "CLC'dUITests";
			packageProductDependencies = (
			);
			productName = "CLC'dUITests";
			productReference = F66D40652DD587C9001E744D /* CLC'dUITests.xctest */;
			productType = "com.apple.product-type.bundle.ui-testing";
		};
/* End PBXNativeTarget section */

/* Begin PBXProject section */
		F66D40432DD587C7001E744D /* Project object */ = {
			isa = PBXProject;
			attributes = {
				BuildIndependentTargetsInParallel = 1;
				LastSwiftUpdateCheck = 1620;
				LastUpgradeCheck = 1620;
				TargetAttributes = {
					F66D404A2DD587C7001E744D = {
						CreatedOnToolsVersion = 16.2;
					};
					F66D405A2DD587C9001E744D = {
						CreatedOnToolsVersion = 16.2;
						TestTargetID = F66D404A2DD587C7001E744D;
					};
					F66D40642DD587C9001E744D = {
						CreatedOnToolsVersion = 16.2;
						TestTargetID = F66D404A2DD587C7001E744D;
					};
				};
			};
			buildConfigurationList = F66D40462DD587C7001E744D /* Build configuration list for PBXProject "CLC'd" */;
			developmentRegion = en;
			hasScannedForEncodings = 0;
			knownRegions = (
				en,
				Base,
			);
			mainGroup = F66D40422DD587C7001E744D;
			minimizedProjectReferenceProxies = 1;
			preferredProjectObjectVersion = 77;
			productRefGroup = F66D404C2DD587C7001E744D /* Products */;
			projectDirPath = "";
			projectRoot = "";
			targets = (
				F66D404A2DD587C7001E744D /* CLC'd */,
				F66D405A2DD587C9001E744D /* CLC'dTests */,
				F66D40642DD587C9001E744D /* CLC'dUITests */,
			);
		};
/* End PBXProject section */

/* Begin PBXResourcesBuildPhase section */
		F66D40492DD587C7001E744D /* Resources */ = {
			isa = PBXResourcesBuildPhase;
			buildActionMask = 2147483647;
			files = (
				F66D40792DD5881B001E744D /* .gitignore in Resources */,
			);
			runOnlyForDeploymentPostprocessing = 0;
		};
		F66D40592DD587C9001E744D /* Resources */ = {
			isa = PBXResourcesBuildPhase;
			buildActionMask = 2147483647;
			files = (
			);
			runOnlyForDeploymentPostprocessing = 0;
		};
		F66D40632DD587C9001E744D /* Resources */ = {
			isa = PBXResourcesBuildPhase;
			buildActionMask = 2147483647;
			files = (
			);
			runOnlyForDeploymentPostprocessing = 0;
		};
/* End PBXResourcesBuildPhase section */

/* Begin PBXSourcesBuildPhase section */
		F66D40472DD587C7001E744D /* Sources */ = {
			isa = PBXSourcesBuildPhase;
			buildActionMask = 2147483647;
			files = (
			);
			runOnlyForDeploymentPostprocessing = 0;
		};
		F66D40572DD587C9001E744D /* Sources */ = {
			isa = PBXSourcesBuildPhase;
			buildActionMask = 2147483647;
			files = (
			);
			runOnlyForDeploymentPostprocessing = 0;
		};
		F66D40612DD587C9001E744D /* Sources */ = {
			isa = PBXSourcesBuildPhase;
			buildActionMask = 2147483647;
			files = (
			);
			runOnlyForDeploymentPostprocessing = 0;
		};
/* End PBXSourcesBuildPhase section */

/* Begin PBXTargetDependency section */
		F66D405D2DD587C9001E744D /* PBXTargetDependency */ = {
			isa = PBXTargetDependency;
			target = F66D404A2DD587C7001E744D /* CLC'd */;
			targetProxy = F66D405C2DD587C9001E744D /* PBXContainerItemProxy */;
		};
		F66D40672DD587C9001E744D /* PBXTargetDependency */ = {
			isa = PBXTargetDependency;
			target = F66D404A2DD587C7001E744D /* CLC'd */;
			targetProxy = F66D40662DD587C9001E744D /* PBXContainerItemProxy */;
		};
/* End PBXTargetDependency section */

/* Begin XCBuildConfiguration section */
		F66D406D2DD587C9001E744D /* Debug */ = {
			isa = XCBuildConfiguration;
			buildSettings = {
				ALWAYS_SEARCH_USER_PATHS = NO;
				ASSETCATALOG_COMPILER_GENERATE_SWIFT_ASSET_SYMBOL_EXTENSIONS = YES;
				CLANG_ANALYZER_NONNULL = YES;
				CLANG_ANALYZER_NUMBER_OBJECT_CONVERSION = YES_AGGRESSIVE;
				CLANG_CXX_LANGUAGE_STANDARD = "gnu++20";
				CLANG_ENABLE_MODULES = YES;
				CLANG_ENABLE_OBJC_ARC = YES;
				CLANG_ENABLE_OBJC_WEAK = YES;
				CLANG_WARN_BLOCK_CAPTURE_AUTORELEASING = YES;
				CLANG_WARN_BOOL_CONVERSION = YES;
				CLANG_WARN_COMMA = YES;
				CLANG_WARN_CONSTANT_CONVERSION = YES;
				CLANG_WARN_DEPRECATED_OBJC_IMPLEMENTATIONS = YES;
				CLANG_WARN_DIRECT_OBJC_ISA_USAGE = YES_ERROR;
				CLANG_WARN_DOCUMENTATION_COMMENTS = YES;
				CLANG_WARN_EMPTY_BODY = YES;
				CLANG_WARN_ENUM_CONVERSION = YES;
				CLANG_WARN_INFINITE_RECURSION = YES;
				CLANG_WARN_INT_CONVERSION = YES;
				CLANG_WARN_NON_LITERAL_NULL_CONVERSION = YES;
				CLANG_WARN_OBJC_IMPLICIT_RETAIN_SELF = YES;
				CLANG_WARN_OBJC_LITERAL_CONVERSION = YES;
				CLANG_WARN_OBJC_ROOT_CLASS = YES_ERROR;
				CLANG_WARN_QUOTED_INCLUDE_IN_FRAMEWORK_HEADER = YES;
				CLANG_WARN_RANGE_LOOP_ANALYSIS = YES;
				CLANG_WARN_STRICT_PROTOTYPES = YES;
				CLANG_WARN_SUSPICIOUS_MOVE = YES;
				CLANG_WARN_UNGUARDED_AVAILABILITY = YES_AGGRESSIVE;
				CLANG_WARN_UNREACHABLE_CODE = YES;
				CLANG_WARN__DUPLICATE_METHOD_MATCH = YES;
				COPY_PHASE_STRIP = NO;
				DEBUG_INFORMATION_FORMAT = dwarf;
				ENABLE_STRICT_OBJC_MSGSEND = YES;
				ENABLE_TESTABILITY = YES;
				ENABLE_USER_SCRIPT_SANDBOXING = YES;
				GCC_C_LANGUAGE_STANDARD = gnu17;
				GCC_DYNAMIC_NO_PIC = NO;
				GCC_NO_COMMON_BLOCKS = YES;
				GCC_OPTIMIZATION_LEVEL = 0;
				GCC_PREPROCESSOR_DEFINITIONS = (
					"DEBUG=1",
					"$(inherited)",
				);
				GCC_WARN_64_TO_32_BIT_CONVERSION = YES;
				GCC_WARN_ABOUT_RETURN_TYPE = YES_ERROR;
				GCC_WARN_UNDECLARED_SELECTOR = YES;
				GCC_WARN_UNINITIALIZED_AUTOS = YES_AGGRESSIVE;
				GCC_WARN_UNUSED_FUNCTION = YES;
				GCC_WARN_UNUSED_VARIABLE = YES;
				IPHONEOS_DEPLOYMENT_TARGET = 18.2;
				LOCALIZATION_PREFERS_STRING_CATALOGS = YES;
				MTL_ENABLE_DEBUG_INFO = INCLUDE_SOURCE;
				MTL_FAST_MATH = YES;
				ONLY_ACTIVE_ARCH = YES;
				SDKROOT = iphoneos;
				SWIFT_ACTIVE_COMPILATION_CONDITIONS = "DEBUG $(inherited)";
				SWIFT_OPTIMIZATION_LEVEL = "-Onone";
			};
			name = Debug;
		};
		F66D406E2DD587C9001E744D /* Release */ = {
			isa = XCBuildConfiguration;
			buildSettings = {
				ALWAYS_SEARCH_USER_PATHS = NO;
				ASSETCATALOG_COMPILER_GENERATE_SWIFT_ASSET_SYMBOL_EXTENSIONS = YES;
				CLANG_ANALYZER_NONNULL = YES;
				CLANG_ANALYZER_NUMBER_OBJECT_CONVERSION = YES_AGGRESSIVE;
				CLANG_CXX_LANGUAGE_STANDARD = "gnu++20";
				CLANG_ENABLE_MODULES = YES;
				CLANG_ENABLE_OBJC_ARC = YES;
				CLANG_ENABLE_OBJC_WEAK = YES;
				CLANG_WARN_BLOCK_CAPTURE_AUTORELEASING = YES;
				CLANG_WARN_BOOL_CONVERSION = YES;
				CLANG_WARN_COMMA = YES;
				CLANG_WARN_CONSTANT_CONVERSION = YES;
				CLANG_WARN_DEPRECATED_OBJC_IMPLEMENTATIONS = YES;
				CLANG_WARN_DIRECT_OBJC_ISA_USAGE = YES_ERROR;
				CLANG_WARN_DOCUMENTATION_COMMENTS = YES;
				CLANG_WARN_EMPTY_BODY = YES;
				CLANG_WARN_ENUM_CONVERSION = YES;
				CLANG_WARN_INFINITE_RECURSION = YES;
				CLANG_WARN_INT_CONVERSION = YES;
				CLANG_WARN_NON_LITERAL_NULL_CONVERSION = YES;
				CLANG_WARN_OBJC_IMPLICIT_RETAIN_SELF = YES;
				CLANG_WARN_OBJC_LITERAL_CONVERSION = YES;
				CLANG_WARN_OBJC_ROOT_CLASS = YES_ERROR;
				CLANG_WARN_QUOTED_INCLUDE_IN_FRAMEWORK_HEADER = YES;
				CLANG_WARN_RANGE_LOOP_ANALYSIS = YES;
				CLANG_WARN_STRICT_PROTOTYPES = YES;
				CLANG_WARN_SUSPICIOUS_MOVE = YES;
				CLANG_WARN_UNGUARDED_AVAILABILITY = YES_AGGRESSIVE;
				CLANG_WARN_UNREACHABLE_CODE = YES;
				CLANG_WARN__DUPLICATE_METHOD_MATCH = YES;
				COPY_PHASE_STRIP = NO;
				DEBUG_INFORMATION_FORMAT = "dwarf-with-dsym";
				ENABLE_NS_ASSERTIONS = NO;
				ENABLE_STRICT_OBJC_MSGSEND = YES;
				ENABLE_USER_SCRIPT_SANDBOXING = YES;
				GCC_C_LANGUAGE_STANDARD = gnu17;
				GCC_NO_COMMON_BLOCKS = YES;
				GCC_WARN_64_TO_32_BIT_CONVERSION = YES;
				GCC_WARN_ABOUT_RETURN_TYPE = YES_ERROR;
				GCC_WARN_UNDECLARED_SELECTOR = YES;
				GCC_WARN_UNINITIALIZED_AUTOS = YES_AGGRESSIVE;
				GCC_WARN_UNUSED_FUNCTION = YES;
				GCC_WARN_UNUSED_VARIABLE = YES;
				IPHONEOS_DEPLOYMENT_TARGET = 18.2;
				LOCALIZATION_PREFERS_STRING_CATALOGS = YES;
				MTL_ENABLE_DEBUG_INFO = NO;
				MTL_FAST_MATH = YES;
				SDKROOT = iphoneos;
				SWIFT_COMPILATION_MODE = wholemodule;
				VALIDATE_PRODUCT = YES;
			};
			name = Release;
		};
		F66D40702DD587C9001E744D /* Debug */ = {
			isa = XCBuildConfiguration;
			buildSettings = {
				ASSETCATALOG_COMPILER_APPICON_NAME = AppIcon;
				ASSETCATALOG_COMPILER_GLOBAL_ACCENT_COLOR_NAME = AccentColor;
				CODE_SIGN_STYLE = Automatic;
				CURRENT_PROJECT_VERSION = 1;
				DEVELOPMENT_ASSET_PATHS = "\"CLC'd/Preview Content\"";
				DEVELOPMENT_TEAM = 8XKA4T7WYW;
				ENABLE_PREVIEWS = YES;
				GENERATE_INFOPLIST_FILE = YES;
				INFOPLIST_KEY_UIApplicationSceneManifest_Generation = YES;
				INFOPLIST_KEY_UIApplicationSupportsIndirectInputEvents = YES;
				INFOPLIST_KEY_UILaunchScreen_Generation = YES;
				INFOPLIST_KEY_UISupportedInterfaceOrientations_iPad = "UIInterfaceOrientationPortrait UIInterfaceOrientationPortraitUpsideDown UIInterfaceOrientationLandscapeLeft UIInterfaceOrientationLandscapeRight";
				INFOPLIST_KEY_UISupportedInterfaceOrientations_iPhone = "UIInterfaceOrientationPortrait UIInterfaceOrientationLandscapeLeft UIInterfaceOrientationLandscapeRight";
				LD_RUNPATH_SEARCH_PATHS = (
					"$(inherited)",
					"@executable_path/Frameworks",
				);
				MARKETING_VERSION = 1.0;
				PRODUCT_BUNDLE_IDENTIFIER = "com.github.pdc8.CLC-d";
				PRODUCT_NAME = "$(TARGET_NAME)";
				SWIFT_EMIT_LOC_STRINGS = YES;
				SWIFT_VERSION = 5.0;
				TARGETED_DEVICE_FAMILY = "1,2";
			};
			name = Debug;
		};
		F66D40712DD587C9001E744D /* Release */ = {
			isa = XCBuildConfiguration;
			buildSettings = {
				ASSETCATALOG_COMPILER_APPICON_NAME = AppIcon;
				ASSETCATALOG_COMPILER_GLOBAL_ACCENT_COLOR_NAME = AccentColor;
				CODE_SIGN_STYLE = Automatic;
				CURRENT_PROJECT_VERSION = 1;
				DEVELOPMENT_ASSET_PATHS = "\"CLC'd/Preview Content\"";
				DEVELOPMENT_TEAM = 8XKA4T7WYW;
				ENABLE_PREVIEWS = YES;
				GENERATE_INFOPLIST_FILE = YES;
				INFOPLIST_KEY_UIApplicationSceneManifest_Generation = YES;
				INFOPLIST_KEY_UIApplicationSupportsIndirectInputEvents = YES;
				INFOPLIST_KEY_UILaunchScreen_Generation = YES;
				INFOPLIST_KEY_UISupportedInterfaceOrientations_iPad = "UIInterfaceOrientationPortrait UIInterfaceOrientationPortraitUpsideDown UIInterfaceOrientationLandscapeLeft UIInterfaceOrientationLandscapeRight";
				INFOPLIST_KEY_UISupportedInterfaceOrientations_iPhone = "UIInterfaceOrientationPortrait UIInterfaceOrientationLandscapeLeft UIInterfaceOrientationLandscapeRight";
				LD_RUNPATH_SEARCH_PATHS = (
					"$(inherited)",
					"@executable_path/Frameworks",
				);
				MARKETING_VERSION = 1.0;
				PRODUCT_BUNDLE_IDENTIFIER = "com.github.pdc8.CLC-d";
				PRODUCT_NAME = "$(TARGET_NAME)";
				SWIFT_EMIT_LOC_STRINGS = YES;
				SWIFT_VERSION = 5.0;
				TARGETED_DEVICE_FAMILY = "1,2";
			};
			name = Release;
		};
		F66D40732DD587C9001E744D /* Debug */ = {
			isa = XCBuildConfiguration;
			buildSettings = {
				BUNDLE_LOADER = "$(TEST_HOST)";
				CODE_SIGN_STYLE = Automatic;
				CURRENT_PROJECT_VERSION = 1;
				DEVELOPMENT_TEAM = 8XKA4T7WYW;
				GENERATE_INFOPLIST_FILE = YES;
				IPHONEOS_DEPLOYMENT_TARGET = 18.2;
				MARKETING_VERSION = 1.0;
				PRODUCT_BUNDLE_IDENTIFIER = "com.github.pdc8.CLC-dTests";
				PRODUCT_NAME = "$(TARGET_NAME)";
				SWIFT_EMIT_LOC_STRINGS = NO;
				SWIFT_VERSION = 5.0;
				TARGETED_DEVICE_FAMILY = "1,2";
				TEST_HOST = "$(BUILT_PRODUCTS_DIR)/CLC'd.app/$(BUNDLE_EXECUTABLE_FOLDER_PATH)/CLC'd";
			};
			name = Debug;
		};
		F66D40742DD587C9001E744D /* Release */ = {
			isa = XCBuildConfiguration;
			buildSettings = {
				BUNDLE_LOADER = "$(TEST_HOST)";
				CODE_SIGN_STYLE = Automatic;
				CURRENT_PROJECT_VERSION = 1;
				DEVELOPMENT_TEAM = 8XKA4T7WYW;
				GENERATE_INFOPLIST_FILE = YES;
				IPHONEOS_DEPLOYMENT_TARGET = 18.2;
				MARKETING_VERSION = 1.0;
				PRODUCT_BUNDLE_IDENTIFIER = "com.github.pdc8.CLC-dTests";
				PRODUCT_NAME = "$(TARGET_NAME)";
				SWIFT_EMIT_LOC_STRINGS = NO;
				SWIFT_VERSION = 5.0;
				TARGETED_DEVICE_FAMILY = "1,2";
				TEST_HOST = "$(BUILT_PRODUCTS_DIR)/CLC'd.app/$(BUNDLE_EXECUTABLE_FOLDER_PATH)/CLC'd";
			};
			name = Release;
		};
		F66D40762DD587C9001E744D /* Debug */ = {
			isa = XCBuildConfiguration;
			buildSettings = {
				CODE_SIGN_STYLE = Automatic;
				CURRENT_PROJECT_VERSION = 1;
				DEVELOPMENT_TEAM = 8XKA4T7WYW;
				GENERATE_INFOPLIST_FILE = YES;
				MARKETING_VERSION = 1.0;
				PRODUCT_BUNDLE_IDENTIFIER = "com.github.pdc8.CLC-dUITests";
				PRODUCT_NAME = "$(TARGET_NAME)";
				SWIFT_EMIT_LOC_STRINGS = NO;
				SWIFT_VERSION = 5.0;
				TARGETED_DEVICE_FAMILY = "1,2";
				TEST_TARGET_NAME = "CLC'd";
			};
			name = Debug;
		};
		F66D40772DD587C9001E744D /* Release */ = {
			isa = XCBuildConfiguration;
			buildSettings = {
				CODE_SIGN_STYLE = Automatic;
				CURRENT_PROJECT_VERSION = 1;
				DEVELOPMENT_TEAM = 8XKA4T7WYW;
				GENERATE_INFOPLIST_FILE = YES;
				MARKETING_VERSION = 1.0;
				PRODUCT_BUNDLE_IDENTIFIER = "com.github.pdc8.CLC-dUITests";
				PRODUCT_NAME = "$(TARGET_NAME)";
				SWIFT_EMIT_LOC_STRINGS = NO;
				SWIFT_VERSION = 5.0;
				TARGETED_DEVICE_FAMILY = "1,2";
				TEST_TARGET_NAME = "CLC'd";
			};
			name = Release;
		};
/* End XCBuildConfiguration section */

/* Begin XCConfigurationList section */
		F66D40462DD587C7001E744D /* Build configuration list for PBXProject "CLC'd" */ = {
			isa = XCConfigurationList;
			buildConfigurations = (
				F66D406D2DD587C9001E744D /* Debug */,
				F66D406E2DD587C9001E744D /* Release */,
			);
			defaultConfigurationIsVisible = 0;
			defaultConfigurationName = Release;
		};
		F66D406F2DD587C9001E744D /* Build configuration list for PBXNativeTarget "CLC'd" */ = {
			isa = XCConfigurationList;
			buildConfigurations = (
				F66D40702DD587C9001E744D /* Debug */,
				F66D40712DD587C9001E744D /* Release */,
			);
			defaultConfigurationIsVisible = 0;
			defaultConfigurationName = Release;
		};
		F66D40722DD587C9001E744D /* Build configuration list for PBXNativeTarget "CLC'dTests" */ = {
			isa = XCConfigurationList;
			buildConfigurations = (
				F66D40732DD587C9001E744D /* Debug */,
				F66D40742DD587C9001E744D /* Release */,
			);
			defaultConfigurationIsVisible = 0;
			defaultConfigurationName = Release;
		};
		F66D40752DD587C9001E744D /* Build configuration list for PBXNativeTarget "CLC'dUITests" */ = {
			isa = XCConfigurationList;
			buildConfigurations = (
				F66D40762DD587C9001E744D /* Debug */,
				F66D40772DD587C9001E744D /* Release */,
			);
			defaultConfigurationIsVisible = 0;
			defaultConfigurationName = Release;
		};
/* End XCConfigurationList section */
	};
	rootObject = F66D40432DD587C7001E744D /* Project object */;
}
